
Microsoft Visual Studio Solution File, Format Version 12.00
# Visual Studio 15
VisualStudioVersion = 15.0.28010.0
MinimumVisualStudioVersion = 10.0.40219.1
Project("{FAE04EC0-301F-11D3-BF4B-00C04F79EFBC}") = "Amiibopedia.Android", "Amiibopedia\Amiibopedia.Android\Amiibopedia.Android.csproj", "{11D42F85-E97C-40BC-9415-E70CE072DD47}"
EndProject
Project("{FAE04EC0-301F-11D3-BF4B-00C04F79EFBC}") = "Amiibopedia.iOS", "Amiibopedia\Amiibopedia.iOS\Amiibopedia.iOS.csproj", "{EEEC403B-CBE8-41BD-9547-442D93479B80}"
EndProject
Project("{FAE04EC0-301F-11D3-BF4B-00C04F79EFBC}") = "Amiibopedia.UWP", "Amiibopedia\Amiibopedia.UWP\Amiibopedia.UWP.csproj", "{16DEB448-D626-4F18-9101-38B32CCA2F7E}"
EndProject
Project("{FAE04EC0-301F-11D3-BF4B-00C04F79EFBC}") = "Amiibopedia", "Amiibopedia\Amiibopedia\Amiibopedia.csproj", "{14C148DD-52FC-4C45-AA77-2B18667E5A4A}"
EndProject
Global
	GlobalSection(SolutionConfigurationPlatforms) = preSolution
		Ad-Hoc|Any CPU = Ad-Hoc|Any CPU
		Ad-Hoc|ARM = Ad-Hoc|ARM
		Ad-Hoc|iPhone = Ad-Hoc|iPhone
		Ad-Hoc|iPhoneSimulator = Ad-Hoc|iPhoneSimulator
		Ad-Hoc|x64 = Ad-Hoc|x64
		Ad-Hoc|x86 = Ad-Hoc|x86
		AppStore|Any CPU = AppStore|Any CPU
		AppStore|ARM = AppStore|ARM
		AppStore|iPhone = AppStore|iPhone
		AppStore|iPhoneSimulator = AppStore|iPhoneSimulator
		AppStore|x64 = AppStore|x64
		AppStore|x86 = AppStore|x86
		Debug|Any CPU = Debug|Any CPU
		Debug|ARM = Debug|ARM
		Debug|iPhone = Debug|iPhone
		Debug|iPhoneSimulator = Debug|iPhoneSimulator
		Debug|x64 = Debug|x64
		Debug|x86 = Debug|x86
		Release|Any CPU = Release|Any CPU
		Release|ARM = Release|ARM
		Release|iPhone = Release|iPhone
		Release|iPhoneSimulator = Release|iPhoneSimulator
		Release|x64 = Release|x64
		Release|x86 = Release|x86
	EndGlobalSection
	GlobalSection(ProjectConfigurationPlatforms) = postSolution
		{11D42F85-E97C-40BC-9415-E70CE072DD47}.Ad-Hoc|Any CPU.ActiveCfg = Release|Any CPU
		{11D42F85-E97C-40BC-9415-E70CE072DD47}.Ad-Hoc|Any CPU.Build.0 = Release|Any CPU
		{11D42F85-E97C-40BC-9415-E70CE072DD47}.Ad-Hoc|Any CPU.Deploy.0 = Release|Any CPU
		{11D42F85-E97C-40BC-9415-E70CE072DD47}.Ad-Hoc|ARM.ActiveCfg = Release|Any CPU
		{11D42F85-E97C-40BC-9415-E70CE072DD47}.Ad-Hoc|ARM.Build.0 = Release|Any CPU
		{11D42F85-E97C-40BC-9415-E70CE072DD47}.Ad-Hoc|ARM.Deploy.0 = Release|Any CPU
		{11D42F85-E97C-40BC-9415-E70CE072DD47}.Ad-Hoc|iPhone.ActiveCfg = Release|Any CPU
		{11D42F85-E97C-40BC-9415-E70CE072DD47}.Ad-Hoc|iPhone.Build.0 = Release|Any CPU
		{11D42F85-E97C-40BC-9415-E70CE072DD47}.Ad-Hoc|iPhone.Deploy.0 = Release|Any CPU
		{11D42F85-E97C-40BC-9415-E70CE072DD47}.Ad-Hoc|iPhoneSimulator.ActiveCfg = Release|Any CPU
		{11D42F85-E97C-40BC-9415-E70CE072DD47}.Ad-Hoc|iPhoneSimulator.Build.0 = Release|Any CPU
		{11D42F85-E97C-40BC-9415-E70CE072DD47}.Ad-Hoc|iPhoneSimulator.Deploy.0 = Release|Any CPU
		{11D42F85-E97C-40BC-9415-E70CE072DD47}.Ad-Hoc|x64.ActiveCfg = Release|Any CPU
		{11D42F85-E97C-40BC-9415-E70CE072DD47}.Ad-Hoc|x64.Build.0 = Release|Any CPU
		{11D42F85-E97C-40BC-9415-E70CE072DD47}.Ad-Hoc|x64.Deploy.0 = Release|Any CPU
		{11D42F85-E97C-40BC-9415-E70CE072DD47}.Ad-Hoc|x86.ActiveCfg = Release|Any CPU
		{11D42F85-E97C-40BC-9415-E70CE072DD47}.Ad-Hoc|x86.Build.0 = Release|Any CPU
		{11D42F85-E97C-40BC-9415-E70CE072DD47}.Ad-Hoc|x86.Deploy.0 = Release|Any CPU
		{11D42F85-E97C-40BC-9415-E70CE072DD47}.AppStore|Any CPU.ActiveCfg = Release|Any CPU
		{11D42F85-E97C-40BC-9415-E70CE072DD47}.AppStore|Any CPU.Build.0 = Release|Any CPU
		{11D42F85-E97C-40BC-9415-E70CE072DD47}.AppStore|Any CPU.Deploy.0 = Release|Any CPU
		{11D42F85-E97C-40BC-9415-E70CE072DD47}.AppStore|ARM.ActiveCfg = Release|Any CPU
		{11D42F85-E97C-40BC-9415-E70CE072DD47}.AppStore|ARM.Build.0 = Release|Any CPU
		{11D42F85-E97C-40BC-9415-E70CE072DD47}.AppStore|ARM.Deploy.0 = Release|Any CPU
		{11D42F85-E97C-40BC-9415-E70CE072DD47}.AppStore|iPhone.ActiveCfg = Release|Any CPU
		{11D42F85-E97C-40BC-9415-E70CE072DD47}.AppStore|iPhone.Build.0 = Release|Any CPU
		{11D42F85-E97C-40BC-9415-E70CE072DD47}.AppStore|iPhone.Deploy.0 = Release|Any CPU
		{11D42F85-E97C-40BC-9415-E70CE072DD47}.AppStore|iPhoneSimulator.ActiveCfg = Release|Any CPU
		{11D42F85-E97C-40BC-9415-E70CE072DD47}.AppStore|iPhoneSimulator.Build.0 = Release|Any CPU
		{11D42F85-E97C-40BC-9415-E70CE072DD47}.AppStore|iPhoneSimulator.Deploy.0 = Release|Any CPU
		{11D42F85-E97C-40BC-9415-E70CE072DD47}.AppStore|x64.ActiveCfg = Release|Any CPU
		{11D42F85-E97C-40BC-9415-E70CE072DD47}.AppStore|x64.Build.0 = Release|Any CPU
		{11D42F85-E97C-40BC-9415-E70CE072DD47}.AppStore|x64.Deploy.0 = Release|Any CPU
		{11D42F85-E97C-40BC-9415-E70CE072DD47}.AppStore|x86.ActiveCfg = Release|Any CPU
		{11D42F85-E97C-40BC-9415-E70CE072DD47}.AppStore|x86.Build.0 = Release|Any CPU
		{11D42F85-E97C-40BC-9415-E70CE072DD47}.AppStore|x86.Deploy.0 = Release|Any CPU
		{11D42F85-E97C-40BC-9415-E70CE072DD47}.Debug|Any CPU.ActiveCfg = Debug|Any CPU
		{11D42F85-E97C-40BC-9415-E70CE072DD47}.Debug|Any CPU.Build.0 = Debug|Any CPU
		{11D42F85-E97C-40BC-9415-E70CE072DD47}.Debug|Any CPU.Deploy.0 = Debug|Any CPU
		{11D42F85-E97C-40BC-9415-E70CE072DD47}.Debug|ARM.ActiveCfg = Debug|Any CPU
		{11D42F85-E97C-40BC-9415-E70CE072DD47}.Debug|ARM.Build.0 = Debug|Any CPU
		{11D42F85-E97C-40BC-9415-E70CE072DD47}.Debug|ARM.Deploy.0 = Debug|Any CPU
		{11D42F85-E97C-40BC-9415-E70CE072DD47}.Debug|iPhone.ActiveCfg = Debug|Any CPU
		{11D42F85-E97C-40BC-9415-E70CE072DD47}.Debug|iPhone.Build.0 = Debug|Any CPU
		{11D42F85-E97C-40BC-9415-E70CE072DD47}.Debug|iPhone.Deploy.0 = Debug|Any CPU
		{11D42F85-E97C-40BC-9415-E70CE072DD47}.Debug|iPhoneSimulator.ActiveCfg = Debug|Any CPU
		{11D42F85-E97C-40BC-9415-E70CE072DD47}.Debug|iPhoneSimulator.Build.0 = Debug|Any CPU
		{11D42F85-E97C-40BC-9415-E70CE072DD47}.Debug|iPhoneSimulator.Deploy.0 = Debug|Any CPU
		{11D42F85-E97C-40BC-9415-E70CE072DD47}.Debug|x64.ActiveCfg = Debug|Any CPU
		{11D42F85-E97C-40BC-9415-E70CE072DD47}.Debug|x64.Build.0 = Debug|Any CPU
		{11D42F85-E97C-40BC-9415-E70CE072DD47}.Debug|x64.Deploy.0 = Debug|Any CPU
		{11D42F85-E97C-40BC-9415-E70CE072DD47}.Debug|x86.ActiveCfg = Debug|Any CPU
		{11D42F85-E97C-40BC-9415-E70CE072DD47}.Debug|x86.Build.0 = Debug|Any CPU
		{11D42F85-E97C-40BC-9415-E70CE072DD47}.Debug|x86.Deploy.0 = Debug|Any CPU
		{11D42F85-E97C-40BC-9415-E70CE072DD47}.Release|Any CPU.ActiveCfg = Release|Any CPU
		{11D42F85-E97C-40BC-9415-E70CE072DD47}.Release|Any CPU.Build.0 = Release|Any CPU
		{11D42F85-E97C-40BC-9415-E70CE072DD47}.Release|Any CPU.Deploy.0 = Release|Any CPU
		{11D42F85-E97C-40BC-9415-E70CE072DD47}.Release|ARM.ActiveCfg = Release|Any CPU
		{11D42F85-E97C-40BC-9415-E70CE072DD47}.Release|ARM.Build.0 = Release|Any CPU
		{11D42F85-E97C-40BC-9415-E70CE072DD47}.Release|ARM.Deploy.0 = Release|Any CPU
		{11D42F85-E97C-40BC-9415-E70CE072DD47}.Release|iPhone.ActiveCfg = Release|Any CPU
		{11D42F85-E97C-40BC-9415-E70CE072DD47}.Release|iPhone.Build.0 = Release|Any CPU
		{11D42F85-E97C-40BC-9415-E70CE072DD47}.Release|iPhone.Deploy.0 = Release|Any CPU
		{11D42F85-E97C-40BC-9415-E70CE072DD47}.Release|iPhoneSimulator.ActiveCfg = Release|Any CPU
		{11D42F85-E97C-40BC-9415-E70CE072DD47}.Release|iPhoneSimulator.Build.0 = Release|Any CPU
		{11D42F85-E97C-40BC-9415-E70CE072DD47}.Release|iPhoneSimulator.Deploy.0 = Release|Any CPU
		{11D42F85-E97C-40BC-9415-E70CE072DD47}.Release|x64.ActiveCfg = Release|Any CPU
		{11D42F85-E97C-40BC-9415-E70CE072DD47}.Release|x64.Build.0 = Release|Any CPU
		{11D42F85-E97C-40BC-9415-E70CE072DD47}.Release|x64.Deploy.0 = Release|Any CPU
		{11D42F85-E97C-40BC-9415-E70CE072DD47}.Release|x86.ActiveCfg = Release|Any CPU
		{11D42F85-E97C-40BC-9415-E70CE072DD47}.Release|x86.Build.0 = Release|Any CPU
		{11D42F85-E97C-40BC-9415-E70CE072DD47}.Release|x86.Deploy.0 = Release|Any CPU
		{EEEC403B-CBE8-41BD-9547-442D93479B80}.Ad-Hoc|Any CPU.ActiveCfg = Ad-Hoc|iPhone
		{EEEC403B-CBE8-41BD-9547-442D93479B80}.Ad-Hoc|Any CPU.Build.0 = Ad-Hoc|iPhone
		{EEEC403B-CBE8-41BD-9547-442D93479B80}.Ad-Hoc|Any CPU.Deploy.0 = Ad-Hoc|iPhone
		{EEEC403B-CBE8-41BD-9547-442D93479B80}.Ad-Hoc|ARM.ActiveCfg = Ad-Hoc|iPhone
		{EEEC403B-CBE8-41BD-9547-442D93479B80}.Ad-Hoc|ARM.Build.0 = Ad-Hoc|iPhone
		{EEEC403B-CBE8-41BD-9547-442D93479B80}.Ad-Hoc|ARM.Deploy.0 = Ad-Hoc|iPhone
		{EEEC403B-CBE8-41BD-9547-442D93479B80}.Ad-Hoc|iPhone.ActiveCfg = Ad-Hoc|iPhone
		{EEEC403B-CBE8-41BD-9547-442D93479B80}.Ad-Hoc|iPhone.Build.0 = Ad-Hoc|iPhone
		{EEEC403B-CBE8-41BD-9547-442D93479B80}.Ad-Hoc|iPhone.Deploy.0 = Ad-Hoc|iPhone
		{EEEC403B-CBE8-41BD-9547-442D93479B80}.Ad-Hoc|iPhoneSimulator.ActiveCfg = Ad-Hoc|iPhoneSimulator
		{EEEC403B-CBE8-41BD-9547-442D93479B80}.Ad-Hoc|iPhoneSimulator.Build.0 = Ad-Hoc|iPhoneSimulator
		{EEEC403B-CBE8-41BD-9547-442D93479B80}.Ad-Hoc|iPhoneSimulator.Deploy.0 = Ad-Hoc|iPhoneSimulator
		{EEEC403B-CBE8-41BD-9547-442D93479B80}.Ad-Hoc|x64.ActiveCfg = Ad-Hoc|iPhone
		{EEEC403B-CBE8-41BD-9547-442D93479B80}.Ad-Hoc|x64.Build.0 = Ad-Hoc|iPhone
		{EEEC403B-CBE8-41BD-9547-442D93479B80}.Ad-Hoc|x64.Deploy.0 = Ad-Hoc|iPhone
		{EEEC403B-CBE8-41BD-9547-442D93479B80}.Ad-Hoc|x86.ActiveCfg = Ad-Hoc|iPhone
		{EEEC403B-CBE8-41BD-9547-442D93479B80}.Ad-Hoc|x86.Build.0 = Ad-Hoc|iPhone
		{EEEC403B-CBE8-41BD-9547-442D93479B80}.Ad-Hoc|x86.Deploy.0 = Ad-Hoc|iPhone
		{EEEC403B-CBE8-41BD-9547-442D93479B80}.AppStore|Any CPU.ActiveCfg = AppStore|iPhone
		{EEEC403B-CBE8-41BD-9547-442D93479B80}.AppStore|Any CPU.Build.0 = AppStore|iPhone
		{EEEC403B-CBE8-41BD-9547-442D93479B80}.AppStore|Any CPU.Deploy.0 = AppStore|iPhone
		{EEEC403B-CBE8-41BD-9547-442D93479B80}.AppStore|ARM.ActiveCfg = AppStore|iPhone
		{EEEC403B-CBE8-41BD-9547-442D93479B80}.AppStore|ARM.Build.0 = AppStore|iPhone
		{EEEC403B-CBE8-41BD-9547-442D93479B80}.AppStore|ARM.Deploy.0 = AppStore|iPhone
		{EEEC403B-CBE8-41BD-9547-442D93479B80}.AppStore|iPhone.ActiveCfg = AppStore|iPhone
		{EEEC403B-CBE8-41BD-9547-442D93479B80}.AppStore|iPhone.Build.0 = AppStore|iPhone
		{EEEC403B-CBE8-41BD-9547-442D93479B80}.AppStore|iPhone.Deploy.0 = AppStore|iPhone
		{EEEC403B-CBE8-41BD-9547-442D93479B80}.AppStore|iPhoneSimulator.ActiveCfg = AppStore|iPhoneSimulator
		{EEEC403B-CBE8-41BD-9547-442D93479B80}.AppStore|iPhoneSimulator.Build.0 = AppStore|iPhoneSimulator
		{EEEC403B-CBE8-41BD-9547-442D93479B80}.AppStore|iPhoneSimulator.Deploy.0 = AppStore|iPhoneSimulator
		{EEEC403B-CBE8-41BD-9547-442D93479B80}.AppStore|x64.ActiveCfg = AppStore|iPhone
		{EEEC403B-CBE8-41BD-9547-442D93479B80}.AppStore|x64.Build.0 = AppStore|iPhone
		{EEEC403B-CBE8-41BD-9547-442D93479B80}.AppStore|x64.Deploy.0 = AppStore|iPhone
		{EEEC403B-CBE8-41BD-9547-442D93479B80}.AppStore|x86.ActiveCfg = AppStore|iPhone
		{EEEC403B-CBE8-41BD-9547-442D93479B80}.AppStore|x86.Build.0 = AppStore|iPhone
		{EEEC403B-CBE8-41BD-9547-442D93479B80}.AppStore|x86.Deploy.0 = AppStore|iPhone
		{EEEC403B-CBE8-41BD-9547-442D93479B80}.Debug|Any CPU.ActiveCfg = Debug|iPhoneSimulator
		{EEEC403B-CBE8-41BD-9547-442D93479B80}.Debug|Any CPU.Build.0 = Debug|iPhoneSimulator
		{EEEC403B-CBE8-41BD-9547-442D93479B80}.Debug|Any CPU.Deploy.0 = Debug|iPhoneSimulator
		{EEEC403B-CBE8-41BD-9547-442D93479B80}.Debug|ARM.ActiveCfg = Debug|iPhone
		{EEEC403B-CBE8-41BD-9547-442D93479B80}.Debug|ARM.Build.0 = Debug|iPhone
		{EEEC403B-CBE8-41BD-9547-442D93479B80}.Debug|ARM.Deploy.0 = Debug|iPhone
		{EEEC403B-CBE8-41BD-9547-442D93479B80}.Debug|iPhone.ActiveCfg = Debug|iPhone
		{EEEC403B-CBE8-41BD-9547-442D93479B80}.Debug|iPhone.Build.0 = Debug|iPhone
		{EEEC403B-CBE8-41BD-9547-442D93479B80}.Debug|iPhone.Deploy.0 = Debug|iPhone
		{EEEC403B-CBE8-41BD-9547-442D93479B80}.Debug|iPhoneSimulator.ActiveCfg = Debug|iPhoneSimulator
		{EEEC403B-CBE8-41BD-9547-442D93479B80}.Debug|iPhoneSimulator.Build.0 = Debug|iPhoneSimulator
		{EEEC403B-CBE8-41BD-9547-442D93479B80}.Debug|iPhoneSimulator.Deploy.0 = Debug|iPhoneSimulator
		{EEEC403B-CBE8-41BD-9547-442D93479B80}.Debug|x64.ActiveCfg = Debug|iPhone
		{EEEC403B-CBE8-41BD-9547-442D93479B80}.Debug|x64.Build.0 = Debug|iPhone
		{EEEC403B-CBE8-41BD-9547-442D93479B80}.Debug|x64.Deploy.0 = Debug|iPhone
		{EEEC403B-CBE8-41BD-9547-442D93479B80}.Debug|x86.ActiveCfg = Debug|iPhone
		{EEEC403B-CBE8-41BD-9547-442D93479B80}.Debug|x86.Build.0 = Debug|iPhone
		{EEEC403B-CBE8-41BD-9547-442D93479B80}.Debug|x86.Deploy.0 = Debug|iPhone
		{EEEC403B-CBE8-41BD-9547-442D93479B80}.Release|Any CPU.ActiveCfg = Release|iPhone
		{EEEC403B-CBE8-41BD-9547-442D93479B80}.Release|Any CPU.Build.0 = Release|iPhone
		{EEEC403B-CBE8-41BD-9547-442D93479B80}.Release|Any CPU.Deploy.0 = Release|iPhone
		{EEEC403B-CBE8-41BD-9547-442D93479B80}.Release|ARM.ActiveCfg = Release|iPhone
		{EEEC403B-CBE8-41BD-9547-442D93479B80}.Release|ARM.Build.0 = Release|iPhone
		{EEEC403B-CBE8-41BD-9547-442D93479B80}.Release|ARM.Deploy.0 = Release|iPhone
		{EEEC403B-CBE8-41BD-9547-442D93479B80}.Release|iPhone.ActiveCfg = Release|iPhone
		{EEEC403B-CBE8-41BD-9547-442D93479B80}.Release|iPhone.Build.0 = Release|iPhone
		{EEEC403B-CBE8-41BD-9547-442D93479B80}.Release|iPhone.Deploy.0 = Release|iPhone
		{EEEC403B-CBE8-41BD-9547-442D93479B80}.Release|iPhoneSimulator.ActiveCfg = Release|iPhoneSimulator
		{EEEC403B-CBE8-41BD-9547-442D93479B80}.Release|iPhoneSimulator.Build.0 = Release|iPhoneSimulator
		{EEEC403B-CBE8-41BD-9547-442D93479B80}.Release|iPhoneSimulator.Deploy.0 = Release|iPhoneSimulator
		{EEEC403B-CBE8-41BD-9547-442D93479B80}.Release|x64.ActiveCfg = Release|iPhone
		{EEEC403B-CBE8-41BD-9547-442D93479B80}.Release|x64.Build.0 = Release|iPhone
		{EEEC403B-CBE8-41BD-9547-442D93479B80}.Release|x64.Deploy.0 = Release|iPhone
		{EEEC403B-CBE8-41BD-9547-442D93479B80}.Release|x86.ActiveCfg = Release|iPhone
		{EEEC403B-CBE8-41BD-9547-442D93479B80}.Release|x86.Build.0 = Release|iPhone
		{EEEC403B-CBE8-41BD-9547-442D93479B80}.Release|x86.Deploy.0 = Release|iPhone
		{16DEB448-D626-4F18-9101-38B32CCA2F7E}.Ad-Hoc|Any CPU.ActiveCfg = Release|x86
		{16DEB448-D626-4F18-9101-38B32CCA2F7E}.Ad-Hoc|Any CPU.Build.0 = Release|x86
		{16DEB448-D626-4F18-9101-38B32CCA2F7E}.Ad-Hoc|Any CPU.Deploy.0 = Release|x86
		{16DEB448-D626-4F18-9101-38B32CCA2F7E}.Ad-Hoc|ARM.ActiveCfg = Release|ARM
		{16DEB448-D626-4F18-9101-38B32CCA2F7E}.Ad-Hoc|ARM.Build.0 = Release|ARM
		{16DEB448-D626-4F18-9101-38B32CCA2F7E}.Ad-Hoc|ARM.Deploy.0 = Release|ARM
		{16DEB448-D626-4F18-9101-38B32CCA2F7E}.Ad-Hoc|iPhone.ActiveCfg = Release|x86
		{16DEB448-D626-4F18-9101-38B32CCA2F7E}.Ad-Hoc|iPhone.Build.0 = Release|x86
		{16DEB448-D626-4F18-9101-38B32CCA2F7E}.Ad-Hoc|iPhone.Deploy.0 = Release|x86
		{16DEB448-D626-4F18-9101-38B32CCA2F7E}.Ad-Hoc|iPhoneSimulator.ActiveCfg = Release|x86
		{16DEB448-D626-4F18-9101-38B32CCA2F7E}.Ad-Hoc|iPhoneSimulator.Build.0 = Release|x86
		{16DEB448-D626-4F18-9101-38B32CCA2F7E}.Ad-Hoc|iPhoneSimulator.Deploy.0 = Release|x86
		{16DEB448-D626-4F18-9101-38B32CCA2F7E}.Ad-Hoc|x64.ActiveCfg = Release|x64
		{16DEB448-D626-4F18-9101-38B32CCA2F7E}.Ad-Hoc|x64.Build.0 = Release|x64
		{16DEB448-D626-4F18-9101-38B32CCA2F7E}.Ad-Hoc|x64.Deploy.0 = Release|x64
		{16DEB448-D626-4F18-9101-38B32CCA2F7E}.Ad-Hoc|x86.ActiveCfg = Release|x86
		{16DEB448-D626-4F18-9101-38B32CCA2F7E}.Ad-Hoc|x86.Build.0 = Release|x86
		{16DEB448-D626-4F18-9101-38B32CCA2F7E}.Ad-Hoc|x86.Deploy.0 = Release|x86
		{16DEB448-D626-4F18-9101-38B32CCA2F7E}.AppStore|Any CPU.ActiveCfg = Release|x86
		{16DEB448-D626-4F18-9101-38B32CCA2F7E}.AppStore|Any CPU.Build.0 = Release|x86
		{16DEB448-D626-4F18-9101-38B32CCA2F7E}.AppStore|Any CPU.Deploy.0 = Release|x86
		{16DEB448-D626-4F18-9101-38B32CCA2F7E}.AppStore|ARM.ActiveCfg = Release|ARM
		{16DEB448-D626-4F18-9101-38B32CCA2F7E}.AppStore|ARM.Build.0 = Release|ARM
		{16DEB448-D626-4F18-9101-38B32CCA2F7E}.AppStore|ARM.Deploy.0 = Release|ARM
		{16DEB448-D626-4F18-9101-38B32CCA2F7E}.AppStore|iPhone.ActiveCfg = Release|x86
		{16DEB448-D626-4F18-9101-38B32CCA2F7E}.AppStore|iPhone.Build.0 = Release|x86
		{16DEB448-D626-4F18-9101-38B32CCA2F7E}.AppStore|iPhone.Deploy.0 = Release|x86
		{16DEB448-D626-4F18-9101-38B32CCA2F7E}.AppStore|iPhoneSimulator.ActiveCfg = Release|x86
		{16DEB448-D626-4F18-9101-38B32CCA2F7E}.AppStore|iPhoneSimulator.Build.0 = Release|x86
		{16DEB448-D626-4F18-9101-38B32CCA2F7E}.AppStore|iPhoneSimulator.Deploy.0 = Release|x86
		{16DEB448-D626-4F18-9101-38B32CCA2F7E}.AppStore|x64.ActiveCfg = Release|x64
		{16DEB448-D626-4F18-9101-38B32CCA2F7E}.AppStore|x64.Build.0 = Release|x64
		{16DEB448-D626-4F18-9101-38B32CCA2F7E}.AppStore|x64.Deploy.0 = Release|x64
		{16DEB448-D626-4F18-9101-38B32CCA2F7E}.AppStore|x86.ActiveCfg = Release|x86
		{16DEB448-D626-4F18-9101-38B32CCA2F7E}.AppStore|x86.Build.0 = Release|x86
		{16DEB448-D626-4F18-9101-38B32CCA2F7E}.AppStore|x86.Deploy.0 = Release|x86
		{16DEB448-D626-4F18-9101-38B32CCA2F7E}.Debug|Any CPU.ActiveCfg = Debug|x86
		{16DEB448-D626-4F18-9101-38B32CCA2F7E}.Debug|Any CPU.Build.0 = Debug|x86
		{16DEB448-D626-4F18-9101-38B32CCA2F7E}.Debug|Any CPU.Deploy.0 = Debug|x86
		{16DEB448-D626-4F18-9101-38B32CCA2F7E}.Debug|ARM.ActiveCfg = Debug|ARM
		{16DEB448-D626-4F18-9101-38B32CCA2F7E}.Debug|ARM.Build.0 = Debug|ARM
		{16DEB448-D626-4F18-9101-38B32CCA2F7E}.Debug|ARM.Deploy.0 = Debug|ARM
		{16DEB448-D626-4F18-9101-38B32CCA2F7E}.Debug|iPhone.ActiveCfg = Debug|x86
		{16DEB448-D626-4F18-9101-38B32CCA2F7E}.Debug|iPhone.Build.0 = Debug|x86
		{16DEB448-D626-4F18-9101-38B32CCA2F7E}.Debug|iPhone.Deploy.0 = Debug|x86
		{16DEB448-D626-4F18-9101-38B32CCA2F7E}.Debug|iPhoneSimulator.ActiveCfg = Debug|x86
		{16DEB448-D626-4F18-9101-38B32CCA2F7E}.Debug|iPhoneSimulator.Build.0 = Debug|x86
		{16DEB448-D626-4F18-9101-38B32CCA2F7E}.Debug|iPhoneSimulator.Deploy.0 = Debug|x86
		{16DEB448-D626-4F18-9101-38B32CCA2F7E}.Debug|x64.ActiveCfg = Debug|x64
		{16DEB448-D626-4F18-9101-38B32CCA2F7E}.Debug|x64.Build.0 = Debug|x64
		{16DEB448-D626-4F18-9101-38B32CCA2F7E}.Debug|x64.Deploy.0 = Debug|x64
		{16DEB448-D626-4F18-9101-38B32CCA2F7E}.Debug|x86.ActiveCfg = Debug|x86
		{16DEB448-D626-4F18-9101-38B32CCA2F7E}.Debug|x86.Build.0 = Debug|x86
		{16DEB448-D626-4F18-9101-38B32CCA2F7E}.Debug|x86.Deploy.0 = Debug|x86
		{16DEB448-D626-4F18-9101-38B32CCA2F7E}.Release|Any CPU.ActiveCfg = Release|x86
		{16DEB448-D626-4F18-9101-38B32CCA2F7E}.Release|Any CPU.Build.0 = Release|x86
		{16DEB448-D626-4F18-9101-38B32CCA2F7E}.Release|Any CPU.Deploy.0 = Release|x86
		{16DEB448-D626-4F18-9101-38B32CCA2F7E}.Release|ARM.ActiveCfg = Release|ARM
		{16DEB448-D626-4F18-9101-38B32CCA2F7E}.Release|ARM.Build.0 = Release|ARM
		{16DEB448-D626-4F18-9101-38B32CCA2F7E}.Release|ARM.Deploy.0 = Release|ARM
		{16DEB448-D626-4F18-9101-38B32CCA2F7E}.Release|iPhone.ActiveCfg = Release|x86
		{16DEB448-D626-4F18-9101-38B32CCA2F7E}.Release|iPhone.Build.0 = Release|x86
		{16DEB448-D626-4F18-9101-38B32CCA2F7E}.Release|iPhone.Deploy.0 = Release|x86
		{16DEB448-D626-4F18-9101-38B32CCA2F7E}.Release|iPhoneSimulator.ActiveCfg = Release|x86
		{16DEB448-D626-4F18-9101-38B32CCA2F7E}.Release|iPhoneSimulator.Build.0 = Release|x86
		{16DEB448-D626-4F18-9101-38B32CCA2F7E}.Release|iPhoneSimulator.Deploy.0 = Release|x86
		{16DEB448-D626-4F18-9101-38B32CCA2F7E}.Release|x64.ActiveCfg = Release|x64
		{16DEB448-D626-4F18-9101-38B32CCA2F7E}.Release|x64.Build.0 = Release|x64
		{16DEB448-D626-4F18-9101-38B32CCA2F7E}.Release|x64.Deploy.0 = Release|x64
		{16DEB448-D626-4F18-9101-38B32CCA2F7E}.Release|x86.ActiveCfg = Release|x86
		{16DEB448-D626-4F18-9101-38B32CCA2F7E}.Release|x86.Build.0 = Release|x86
		{16DEB448-D626-4F18-9101-38B32CCA2F7E}.Release|x86.Deploy.0 = Release|x86
		{14C148DD-52FC-4C45-AA77-2B18667E5A4A}.Ad-Hoc|Any CPU.ActiveCfg = Debug|Any CPU
		{14C148DD-52FC-4C45-AA77-2B18667E5A4A}.Ad-Hoc|Any CPU.Build.0 = Debug|Any CPU
		{14C148DD-52FC-4C45-AA77-2B18667E5A4A}.Ad-Hoc|Any CPU.Deploy.0 = Debug|Any CPU
		{14C148DD-52FC-4C45-AA77-2B18667E5A4A}.Ad-Hoc|ARM.ActiveCfg = Debug|Any CPU
		{14C148DD-52FC-4C45-AA77-2B18667E5A4A}.Ad-Hoc|ARM.Build.0 = Debug|Any CPU
		{14C148DD-52FC-4C45-AA77-2B18667E5A4A}.Ad-Hoc|ARM.Deploy.0 = Debug|Any CPU
		{14C148DD-52FC-4C45-AA77-2B18667E5A4A}.Ad-Hoc|iPhone.ActiveCfg = Debug|Any CPU
		{14C148DD-52FC-4C45-AA77-2B18667E5A4A}.Ad-Hoc|iPhone.Build.0 = Debug|Any CPU
		{14C148DD-52FC-4C45-AA77-2B18667E5A4A}.Ad-Hoc|iPhone.Deploy.0 = Debug|Any CPU
		{14C148DD-52FC-4C45-AA77-2B18667E5A4A}.Ad-Hoc|iPhoneSimulator.ActiveCfg = Debug|Any CPU
		{14C148DD-52FC-4C45-AA77-2B18667E5A4A}.Ad-Hoc|iPhoneSimulator.Build.0 = Debug|Any CPU
		{14C148DD-52FC-4C45-AA77-2B18667E5A4A}.Ad-Hoc|iPhoneSimulator.Deploy.0 = Debug|Any CPU
		{14C148DD-52FC-4C45-AA77-2B18667E5A4A}.Ad-Hoc|x64.ActiveCfg = Debug|Any CPU
		{14C148DD-52FC-4C45-AA77-2B18667E5A4A}.Ad-Hoc|x64.Build.0 = Debug|Any CPU
		{14C148DD-52FC-4C45-AA77-2B18667E5A4A}.Ad-Hoc|x64.Deploy.0 = Debug|Any CPU
		{14C148DD-52FC-4C45-AA77-2B18667E5A4A}.Ad-Hoc|x86.ActiveCfg = Debug|Any CPU
		{14C148DD-52FC-4C45-AA77-2B18667E5A4A}.Ad-Hoc|x86.Build.0 = Debug|Any CPU
		{14C148DD-52FC-4C45-AA77-2B18667E5A4A}.Ad-Hoc|x86.Deploy.0 = Debug|Any CPU
		{14C148DD-52FC-4C45-AA77-2B18667E5A4A}.AppStore|Any CPU.ActiveCfg = Debug|Any CPU
		{14C148DD-52FC-4C45-AA77-2B18667E5A4A}.AppStore|Any CPU.Build.0 = Debug|Any CPU
		{14C148DD-52FC-4C45-AA77-2B18667E5A4A}.AppStore|Any CPU.Deploy.0 = Debug|Any CPU
		{14C148DD-52FC-4C45-AA77-2B18667E5A4A}.AppStore|ARM.ActiveCfg = Debug|Any CPU
		{14C148DD-52FC-4C45-AA77-2B18667E5A4A}.AppStore|ARM.Build.0 = Debug|Any CPU
		{14C148DD-52FC-4C45-AA77-2B18667E5A4A}.AppStore|ARM.Deploy.0 = Debug|Any CPU
		{14C148DD-52FC-4C45-AA77-2B18667E5A4A}.AppStore|iPhone.ActiveCfg = Debug|Any CPU
		{14C148DD-52FC-4C45-AA77-2B18667E5A4A}.AppStore|iPhone.Build.0 = Debug|Any CPU
		{14C148DD-52FC-4C45-AA77-2B18667E5A4A}.AppStore|iPhone.Deploy.0 = Debug|Any CPU
		{14C148DD-52FC-4C45-AA77-2B18667E5A4A}.AppStore|iPhoneSimulator.ActiveCfg = Debug|Any CPU
		{14C148DD-52FC-4C45-AA77-2B18667E5A4A}.AppStore|iPhoneSimulator.Build.0 = Debug|Any CPU
		{14C148DD-52FC-4C45-AA77-2B18667E5A4A}.AppStore|iPhoneSimulator.Deploy.0 = Debug|Any CPU
		{14C148DD-52FC-4C45-AA77-2B18667E5A4A}.AppStore|x64.ActiveCfg = Debug|Any CPU
		{14C148DD-52FC-4C45-AA77-2B18667E5A4A}.AppStore|x64.Build.0 = Debug|Any CPU
		{14C148DD-52FC-4C45-AA77-2B18667E5A4A}.AppStore|x64.Deploy.0 = Debug|Any CPU
		{14C148DD-52FC-4C45-AA77-2B18667E5A4A}.AppStore|x86.ActiveCfg = Debug|Any CPU
		{14C148DD-52FC-4C45-AA77-2B18667E5A4A}.AppStore|x86.Build.0 = Debug|Any CPU
		{14C148DD-52FC-4C45-AA77-2B18667E5A4A}.AppStore|x86.Deploy.0 = Debug|Any CPU
		{14C148DD-52FC-4C45-AA77-2B18667E5A4A}.Debug|Any CPU.ActiveCfg = Debug|Any CPU
		{14C148DD-52FC-4C45-AA77-2B18667E5A4A}.Debug|Any CPU.Build.0 = Debug|Any CPU
		{14C148DD-52FC-4C45-AA77-2B18667E5A4A}.Debug|Any CPU.Deploy.0 = Debug|Any CPU
		{14C148DD-52FC-4C45-AA77-2B18667E5A4A}.Debug|ARM.ActiveCfg = Debug|Any CPU
		{14C148DD-52FC-4C45-AA77-2B18667E5A4A}.Debug|ARM.Build.0 = Debug|Any CPU
		{14C148DD-52FC-4C45-AA77-2B18667E5A4A}.Debug|ARM.Deploy.0 = Debug|Any CPU
		{14C148DD-52FC-4C45-AA77-2B18667E5A4A}.Debug|iPhone.ActiveCfg = Debug|Any CPU
		{14C148DD-52FC-4C45-AA77-2B18667E5A4A}.Debug|iPhone.Build.0 = Debug|Any CPU
		{14C148DD-52FC-4C45-AA77-2B18667E5A4A}.Debug|iPhone.Deploy.0 = Debug|Any CPU
		{14C148DD-52FC-4C45-AA77-2B18667E5A4A}.Debug|iPhoneSimulator.ActiveCfg = Debug|Any CPU
		{14C148DD-52FC-4C45-AA77-2B18667E5A4A}.Debug|iPhoneSimulator.Build.0 = Debug|Any CPU
		{14C148DD-52FC-4C45-AA77-2B18667E5A4A}.Debug|iPhoneSimulator.Deploy.0 = Debug|Any CPU
		{14C148DD-52FC-4C45-AA77-2B18667E5A4A}.Debug|x64.ActiveCfg = Debug|Any CPU
		{14C148DD-52FC-4C45-AA77-2B18667E5A4A}.Debug|x64.Build.0 = Debug|Any CPU
		{14C148DD-52FC-4C45-AA77-2B18667E5A4A}.Debug|x64.Deploy.0 = Debug|Any CPU
		{14C148DD-52FC-4C45-AA77-2B18667E5A4A}.Debug|x86.ActiveCfg = Debug|Any CPU
		{14C148DD-52FC-4C45-AA77-2B18667E5A4A}.Debug|x86.Build.0 = Debug|Any CPU
		{14C148DD-52FC-4C45-AA77-2B18667E5A4A}.Debug|x86.Deploy.0 = Debug|Any CPU
		{14C148DD-52FC-4C45-AA77-2B18667E5A4A}.Release|Any CPU.ActiveCfg = Release|Any CPU
		{14C148DD-52FC-4C45-AA77-2B18667E5A4A}.Release|Any CPU.Build.0 = Release|Any CPU
		{14C148DD-52FC-4C45-AA77-2B18667E5A4A}.Release|Any CPU.Deploy.0 = Release|Any CPU
		{14C148DD-52FC-4C45-AA77-2B18667E5A4A}.Release|ARM.ActiveCfg = Release|Any CPU
		{14C148DD-52FC-4C45-AA77-2B18667E5A4A}.Release|ARM.Build.0 = Release|Any CPU
		{14C148DD-52FC-4C45-AA77-2B18667E5A4A}.Release|ARM.Deploy.0 = Release|Any CPU
		{14C148DD-52FC-4C45-AA77-2B18667E5A4A}.Release|iPhone.ActiveCfg = Release|Any CPU
		{14C148DD-52FC-4C45-AA77-2B18667E5A4A}.Release|iPhone.Build.0 = Release|Any CPU
		{14C148DD-52FC-4C45-AA77-2B18667E5A4A}.Release|iPhone.Deploy.0 = Release|Any CPU
		{14C148DD-52FC-4C45-AA77-2B18667E5A4A}.Release|iPhoneSimulator.ActiveCfg = Release|Any CPU
		{14C148DD-52FC-4C45-AA77-2B18667E5A4A}.Release|iPhoneSimulator.Build.0 = Release|Any CPU
		{14C148DD-52FC-4C45-AA77-2B18667E5A4A}.Release|iPhoneSimulator.Deploy.0 = Release|Any CPU
		{14C148DD-52FC-4C45-AA77-2B18667E5A4A}.Release|x64.ActiveCfg = Release|Any CPU
		{14C148DD-52FC-4C45-AA77-2B18667E5A4A}.Release|x64.Build.0 = Release|Any CPU
		{14C148DD-52FC-4C45-AA77-2B18667E5A4A}.Release|x64.Deploy.0 = Release|Any CPU
		{14C148DD-52FC-4C45-AA77-2B18667E5A4A}.Release|x86.ActiveCfg = Release|Any CPU
		{14C148DD-52FC-4C45-AA77-2B18667E5A4A}.Release|x86.Build.0 = Release|Any CPU
		{14C148DD-52FC-4C45-AA77-2B18667E5A4A}.Release|x86.Deploy.0 = Release|Any CPU
	EndGlobalSection
	GlobalSection(SolutionProperties) = preSolution
		HideSolutionNode = FALSE
	EndGlobalSection
	GlobalSection(ExtensibilityGlobals) = postSolution
		SolutionGuid = {9632F7A3-BF50-40E2-B5F6-8049AA9B2F35}
	EndGlobalSection
EndGlobal
